{
  "nodes": {
    "ddlc-palette": {
      "inputs": {
        "nixpkgs": [
          "nixpkgs"
        ]
      },
      "locked": {
        "lastModified": 1789986425,
        "narHash": "sha256-XRJGfyCThyMYMBH65vdWD+nbDQRGKjY4dV3fWUN9BKU=",
        "owner": "rokokol",
        "repo": "ddlc-palette",
        "rev": "e9b62858672f443abbeb8cc27b96d8a78b773df1",
        "type": "github"
      },
      "original": {
        "owner": "rokokol",
        "repo": "ddlc-palette",
        "type": "github"
      }
    },
    "nixpkgs": {
      "locked": {
        "lastModified": 1789785513,
        "narHash": "sha256-B44WL6h0XoLjJ41bUPJk0X5SDinLCII//6EcBLXKiJ0=",
        "owner": "NixOS",
        "repo": "nixpkgs",
        "rev": "20b1ddd1aa5ace70c9468305030aa4f9ef79671b",
        "type": "github"
      },
      "original": {
        "owner": "NixOS",
        "ref": "nixos-unstable",
        "repo": "nixpkgs",
        "type": "github"
      }
    },
    "root": {
      "inputs": {
        "ddlc-palette": "ddlc-palette",
        "nixpkgs": "nixpkgs"
      }
    }
  },
  "root": "root",
  "version": 7
}
