{
  "nodes": {
    "ddlc-palette": {
      "inputs": {
        "nixpkgs": [
          "nixpkgs"
        ]
      },
      "locked": {
        "lastModified": 1788775174,
        "narHash": "sha256-A6LdLhFwLo+8FJ4+2UWAjc68Li7jNBSZxua+l8CGZi8=",
        "owner": "rokokol",
        "repo": "ddlc-palette",
        "rev": "fa552bd59f3719e594cbffae88eff499218ff9be",
        "type": "github"
      },
      "original": {
        "owner": "rokokol",
        "repo": "ddlc-palette",
        "type": "github"
      }
    },
    "nixpkgs": {
      "locked": {
        "lastModified": 1788614874,
        "narHash": "sha256-7QYjT2vHLuX9Z1pdxHXDKCbh1CR3D/2rywB9Tx0MPRg=",
        "owner": "NixOS",
        "repo": "nixpkgs",
        "rev": "c043004d1c6985732bcc1cbc5a9c9aecbbb4e0f0",
        "type": "github"
      },
      "original": {
        "owner": "NixOS",
        "ref": "nixos-unstable",
        "repo": "nixpkgs",
        "type": "github"
      }
    },
    "root": {
      "inputs": {
        "ddlc-palette": "ddlc-palette",
        "nixpkgs": "nixpkgs"
      }
    }
  },
  "root": "root",
  "version": 7
}
